
Microsoft Visual Studio Solution File, Format Version 12.00
# Visual Studio Version 17
VisualStudioVersion = 17.8.34525.116
MinimumVisualStudioVersion = 10.0.40219.1
Project("{FAE04EC0-301F-11D3-BF4B-00C04F79EFBC}") = "AllinTool.API", "AllinTool.API\AllinTool.API.csproj", "{E147D47C-F8BC-475E-AE53-62DE41EA5CE0}"
EndProject
Project("{FAE04EC0-301F-11D3-BF4B-00C04F79EFBC}") = "AllinTool.Data", "AllinTool.Data\AllinTool.Data.csproj", "{810AC1BB-D2F6-41C9-B8BC-477A38E2B99C}"
EndProject
Project("{FAE04EC0-301F-11D3-BF4B-00C04F79EFBC}") = "AllinTool.Utilities", "AllinTool.Utilities\AllinTool.Utilities.csproj", "{81D002DE-52AA-4E13-AB14-77B12A98758C}"
EndProject
Global
	GlobalSection(SolutionConfigurationPlatforms) = preSolution
		Debug|Any CPU = Debug|Any CPU
		Release|Any CPU = Release|Any CPU
	EndGlobalSection
	GlobalSection(ProjectConfigurationPlatforms) = postSolution
		{E147D47C-F8BC-475E-AE53-62DE41EA5CE0}.Debug|Any CPU.ActiveCfg = Debug|Any CPU
		{E147D47C-F8BC-475E-AE53-62DE41EA5CE0}.Debug|Any CPU.Build.0 = Debug|Any CPU
		{E147D47C-F8BC-475E-AE53-62DE41EA5CE0}.Release|Any CPU.ActiveCfg = Release|Any CPU
		{E147D47C-F8BC-475E-AE53-62DE41EA5CE0}.Release|Any CPU.Build.0 = Release|Any CPU
		{810AC1BB-D2F6-41C9-B8BC-477A38E2B99C}.Debug|Any CPU.ActiveCfg = Debug|Any CPU
		{810AC1BB-D2F6-41C9-B8BC-477A38E2B99C}.Debug|Any CPU.Build.0 = Debug|Any CPU
		{810AC1BB-D2F6-41C9-B8BC-477A38E2B99C}.Release|Any CPU.ActiveCfg = Release|Any CPU
		{810AC1BB-D2F6-41C9-B8BC-477A38E2B99C}.Release|Any CPU.Build.0 = Release|Any CPU
		{81D002DE-52AA-4E13-AB14-77B12A98758C}.Debug|Any CPU.ActiveCfg = Debug|Any CPU
		{81D002DE-52AA-4E13-AB14-77B12A98758C}.Debug|Any CPU.Build.0 = Debug|Any CPU
		{81D002DE-52AA-4E13-AB14-77B12A98758C}.Release|Any CPU.ActiveCfg = Release|Any CPU
		{81D002DE-52AA-4E13-AB14-77B12A98758C}.Release|Any CPU.Build.0 = Release|Any CPU
	EndGlobalSection
	GlobalSection(SolutionProperties) = preSolution
		HideSolutionNode = FALSE
	EndGlobalSection
	GlobalSection(ExtensibilityGlobals) = postSolution
		SolutionGuid = {28B48FED-DAEC-404A-9085-C1442427D835}
	EndGlobalSection
EndGlobal
